
Microsoft Visual Studio Solution File, Format Version 12.00
# Visual Studio 15
VisualStudioVersion = 15.0.26430.14
MinimumVisualStudioVersion = 10.0.40219.1
Project("{FAE04EC0-301F-11D3-BF4B-00C04F79EFBC}") = "HungerRevamped", "HungerRevamped.csproj", "{76E55258-60B2-4882-8E97-3840EB706DAE}"
EndProject
Global
	GlobalSection(SolutionConfigurationPlatforms) = preSolution
		Debug|Any CPU = Debug|Any CPU
		Release|Any CPU = Release|Any CPU
	EndGlobalSection
	GlobalSection(ProjectConfigurationPlatforms) = postSolution
		{76E55258-60B2-4882-8E97-3840EB706DAE}.Debug|Any CPU.ActiveCfg = Debug|Any CPU
		{76E55258-60B2-4882-8E97-3840EB706DAE}.Debug|Any CPU.Build.0 = Debug|Any CPU
		{76E55258-60B2-4882-8E97-3840EB706DAE}.Release|Any CPU.ActiveCfg = Release|Any CPU
		{76E55258-60B2-4882-8E97-3840EB706DAE}.Release|Any CPU.Build.0 = Release|Any CPU
	EndGlobalSection
	GlobalSection(SolutionProperties) = preSolution
		HideSolutionNode = FALSE
	EndGlobalSection
EndGlobal
